
Microsoft Visual Studio Solution File, Format Version 12.00
# Visual Studio Version 16
VisualStudioVersion = 16.0.30611.23
MinimumVisualStudioVersion = 10.0.40219.1
Project("{FAE04EC0-301F-11D3-BF4B-00C04F79EFBC}") = "BillingSystem", "BillingSystem.csproj", "{D495A57C-0904-44D9-B022-FC58860DA943}"
EndProject
Global
	GlobalSection(SolutionConfigurationPlatforms) = preSolution
		Debug|Any CPU = Debug|Any CPU
		Release|Any CPU = Release|Any CPU
	EndGlobalSection
	GlobalSection(ProjectConfigurationPlatforms) = postSolution
		{D495A57C-0904-44D9-B022-FC58860DA943}.Debug|Any CPU.ActiveCfg = Debug|Any CPU
		{D495A57C-0904-44D9-B022-FC58860DA943}.Debug|Any CPU.Build.0 = Debug|Any CPU
		{D495A57C-0904-44D9-B022-FC58860DA943}.Release|Any CPU.ActiveCfg = Release|Any CPU
		{D495A57C-0904-44D9-B022-FC58860DA943}.Release|Any CPU.Build.0 = Release|Any CPU
	EndGlobalSection
	GlobalSection(SolutionProperties) = preSolution
		HideSolutionNode = FALSE
	EndGlobalSection
	GlobalSection(ExtensibilityGlobals) = postSolution
		SolutionGuid = {70BDF97A-B0E5-40A6-9484-ADF7D5AA7560}
	EndGlobalSection
EndGlobal
